# THIS IS AN AUTOGENERATED FILE. DO NOT EDIT THIS FILE DIRECTLY.
# yarn lockfile v1


dayjs@^1.10.7:
  version "1.11.13"
  resolved "https://registry.npmmirror.com/dayjs/-/dayjs-1.11.13.tgz#92430b0139055c3ebb60150aa13e860a4b5a366c"
  integrity sha512-oaMBel6gjolK862uaPQOVTA7q3TZhuSvuMQAAglQDOWYO9A91IrAOUJEyKVlqJlHE0vq5p5UXxzdPfMH/x6xNg==

tdesign-miniprogram@^1.8.1:
  version "1.8.1"
  resolved "https://registry.npmmirror.com/tdesign-miniprogram/-/tdesign-miniprogram-1.8.1.tgz#2c90fb0deca343ca51e97cb42391b1134467fe54"
  integrity sha512-WeBQysX5IvxNqeZytOPS10gUZY9tlQmR7qCxrjOyJKd0jlijf3IcwtX2OgNRgaLb7loeoEzr+mIejh2lwc+2EQ==
  dependencies:
    dayjs "^1.10.7"
    tinycolor2 "^1.4.2"

tinycolor2@^1.4.2:
  version "1.6.0"
  resolved "https://registry.npmmirror.com/tinycolor2/-/tinycolor2-1.6.0.tgz#f98007460169b0263b97072c5ae92484ce02d09e"
  integrity sha512-XPaBkWQJdsf3pLKJV9p4qN/S+fm2Oj8AIPo1BTUhg5oxkvm9+SVEGFdhyOz7tTdUTfvxMiAs4sp6/eZO2Ew+pw==
